
Microsoft Visual Studio Solution File, Format Version 12.00
# Visual Studio 15
Project("{FAE04EC0-301F-11D3-BF4B-00C04F79EFBC}") = "Scripts", "Scripts.csproj", "{9FA088C2-332D-7DCC-E985-1E5F76258E5F}"
EndProject
Project("{FAE04EC0-301F-11D3-BF4B-00C04F79EFBC}") = "Tests", "Tests.csproj", "{61A6463B-B2EF-7592-1CC8-3ACDDF87728C}"
EndProject
Project("{FAE04EC0-301F-11D3-BF4B-00C04F79EFBC}") = "Assembly-CSharp", "Assembly-CSharp.csproj", "{943FF911-50B2-E111-F26C-3FE8369B86E2}"
EndProject
Global
	GlobalSection(SolutionConfigurationPlatforms) = preSolution
		Debug|Any CPU = Debug|Any CPU
		Release|Any CPU = Release|Any CPU
	EndGlobalSection
	GlobalSection(ProjectConfigurationPlatforms) = postSolution
		{9FA088C2-332D-7DCC-E985-1E5F76258E5F}.Debug|Any CPU.ActiveCfg = Debug|Any CPU
		{9FA088C2-332D-7DCC-E985-1E5F76258E5F}.Debug|Any CPU.Build.0 = Debug|Any CPU
		{9FA088C2-332D-7DCC-E985-1E5F76258E5F}.Release|Any CPU.ActiveCfg = Release|Any CPU
		{9FA088C2-332D-7DCC-E985-1E5F76258E5F}.Release|Any CPU.Build.0 = Release|Any CPU
		{61A6463B-B2EF-7592-1CC8-3ACDDF87728C}.Debug|Any CPU.ActiveCfg = Debug|Any CPU
		{61A6463B-B2EF-7592-1CC8-3ACDDF87728C}.Debug|Any CPU.Build.0 = Debug|Any CPU
		{61A6463B-B2EF-7592-1CC8-3ACDDF87728C}.Release|Any CPU.ActiveCfg = Release|Any CPU
		{61A6463B-B2EF-7592-1CC8-3ACDDF87728C}.Release|Any CPU.Build.0 = Release|Any CPU
		{943FF911-50B2-E111-F26C-3FE8369B86E2}.Debug|Any CPU.ActiveCfg = Debug|Any CPU
		{943FF911-50B2-E111-F26C-3FE8369B86E2}.Debug|Any CPU.Build.0 = Debug|Any CPU
		{943FF911-50B2-E111-F26C-3FE8369B86E2}.Release|Any CPU.ActiveCfg = Release|Any CPU
		{943FF911-50B2-E111-F26C-3FE8369B86E2}.Release|Any CPU.Build.0 = Release|Any CPU
	EndGlobalSection
	GlobalSection(SolutionProperties) = preSolution
		HideSolutionNode = FALSE
	EndGlobalSection
EndGlobal
